{
    "_meta": {
        "hash": {
            "sha256": "b8b34f82a8f1fafb3fc80d7df711dfe8b70b835f57a72605a8204f0da4b94edf"
        },
        "pipfile-spec": 6,
        "requires": {
            "python_version": "3.6"
        },
        "sources": [
            {
                "name": "pypi",
                "url": "https://pypi.python.org/simple",
                "verify_ssl": true
            }
        ]
    },
    "default": {
        "auth0-python": {
            "hashes": [
                "sha256:727a1886c59e424b92e544fa897f04da7450dd0ff43b9a0263b4436d2868968b"
            ],
            "index": "pypi",
            "version": "==3.4.0"
        },
        "babel": {
            "hashes": [
                "sha256:1aac2ae2d0d8ea368fa90906567f5c08463d98ade155c0c4bfedd6a0f7160e38",
                "sha256:d670ea0b10f8b723672d3a6abeb87b565b244da220d76b4dba1b66269ec152d4"
            ],
            "version": "==2.8.0"
        },
        "blinker": {
            "hashes": [
                "sha256:471aee25f3992bd325afa3772f1063dbdbbca947a041b8b89466dc00d606f8b6"
            ],
            "index": "pypi",
            "version": "==1.4"
        },
        "certifi": {
            "hashes": [
                "sha256:017c25db2a153ce562900032d5bc68e9f191e44e9a0f762f373977de9df1fbb3",
                "sha256:25b64c7da4cd7479594d035c08c2d809eb4aab3a26e5a990ea98cc450c320f1f"
            ],
            "version": "==2019.11.28"
        },
        "chardet": {
            "hashes": [
                "sha256:84ab92ed1c4d4f16916e05906b6b75a6c0fb5db821cc65e70cbd64a3e2a5eaae",
                "sha256:fc323ffcaeaed0e0a02bf4d117757b98aed530d9ed4531e3e15460124c106691"
            ],
            "version": "==3.0.4"
        },
        "click": {
            "hashes": [
                "sha256:2335065e6395b9e67ca716de5f7526736bfa6ceead690adf616d925bdc622b13",
                "sha256:5b94b49521f6456670fdb30cd82a4eca9412788a93fa6dd6df72c94d5a8ff2d7"
            ],
            "version": "==7.0"
        },
        "flask": {
            "hashes": [
                "sha256:2ea22336f6d388b4b242bc3abf8a01244a8aa3e236e7407469ef78c16ba355dd",
                "sha256:6c02dbaa5a9ef790d8219bdced392e2d549c10cd5a5ba4b6aa65126b2271af29"
            ],
            "index": "pypi",
            "version": "==0.12.4"
        },
        "flask-babel": {
            "hashes": [
                "sha256:316ad183e42003f3922957fa643d0a1e8e34a0f0301a88c3a8f605bc37ba5c86"
            ],
            "index": "pypi",
            "version": "==0.12.2"
        },
        "flask-classy": {
            "git": "https://github.com/ripperdoc/flask-classy",
            "ref": "cbd1f8381a46dd6dc59b1dc54193cf0331927cca"
        },
        "flask-debugtoolbar": {
            "hashes": [
                "sha256:3d9657bc0c3633ace429e3ff451742bb59d1b7a7b95c9eb23a65ac9be2812959",
                "sha256:ec810083123aae0632eb32ba11e1cb4cdace81e7ce6c5009dd06c5204afbce52"
            ],
            "index": "pypi",
            "version": "==0.10.1"
        },
        "flask-mongoengine": {
            "hashes": [
                "sha256:9db3bd00c72537cd3fe59e0a4af53134388698f5b2ba4e7ec3090745423a9e74",
                "sha256:fc0d7f146f6947fb34fe3ca0dc60cac331bef143d8b54079cb35bab97f631da4"
            ],
            "index": "pypi",
            "version": "==0.9.2"
        },
        "flask-wtf": {
            "git": "https://github.com/lepture/flask-wtf.git",
            "ref": "580640f505cfdf8e5ae81aa25ae6ff7336b6f33b"
        },
        "future": {
            "hashes": [
                "sha256:b1bead90b70cf6ec3f0710ae53a525360fa360d306a86583adc6bf83a4db537d"
            ],
            "index": "pypi",
            "version": "==0.18.2"
        },
        "gspread": {
            "hashes": [
                "sha256:dd945e3ae5d3d0325ad9982e0d5667f79ca121d0bb6f35274dc84371bbb79dd5",
                "sha256:f7ce6c06250f694976c3cd4944e3b607b0810b93383839e5b67c7199ce2f0d3d"
            ],
            "index": "pypi",
            "version": "==3.1.0"
        },
        "gunicorn": {
            "hashes": [
                "sha256:aa8e0b40b4157b36a5df5e599f45c9c76d6af43845ba3b3b0efe2c70473c2471",
                "sha256:fa2662097c66f920f53f70621c6c58ca4a3c4d3434205e608e121b5b3b71f4f3"
            ],
            "index": "pypi",
            "version": "==19.9.0"
        },
        "httplib2": {
            "hashes": [
                "sha256:79751cc040229ec896aa01dced54de0cd0bf042f928e84d5761294422dde4454",
                "sha256:de96d0a49f46d0ee7e0aae80141d37b8fcd6a68fb05d02e0b82c128592dd8261"
            ],
            "version": "==0.17.0"
        },
        "idna": {
            "hashes": [
                "sha256:c357b3f628cf53ae2c4c05627ecc484553142ca23264e593d327bcde5e9c3407",
                "sha256:ea8b7f6188e6fa117537c3df7da9fc686d485087abf6ac197f9c46432f7e4a3c"
            ],
            "version": "==2.8"
        },
        "ipaddress": {
            "hashes": [
                "sha256:64b28eec5e78e7510698f6d4da08800a5c575caa4a286c93d651c5d3ff7b6794",
                "sha256:b146c751ea45cad6188dd6cf2d9b757f6f4f8d6ffb96a023e6f2e26eea02a72c"
            ],
            "index": "pypi",
            "version": "==1.0.22"
        },
        "itsdangerous": {
            "hashes": [
                "sha256:321b033d07f2a4136d3ec762eac9f16a10ccd60f53c0c91af90217ace7ba1f19",
                "sha256:b12271b2047cb23eeb98c8b5622e2e5c5e9abd9784a153e9d8ef9cb4dd09d749"
            ],
            "version": "==1.1.0"
        },
        "jinja2": {
            "hashes": [
                "sha256:74320bb91f31270f9551d46522e33af46a80c3d619f4a4bf42b3164d30b5911f",
                "sha256:9fe95f19286cfefaa917656583d020be14e7859c6b0252588391e47db34527de"
            ],
            "version": "==2.10.3"
        },
        "lepl": {
            "hashes": [
                "sha256:a8715c709308350ce4afed5d525682656886d38141387ec87d44421da8d41397",
                "sha256:da6dfa01bbd449f8544857b13474ad52fcca30a5d30de96271c70f34c7a3f96e"
            ],
            "version": "==5.1.3"
        },
        "markdown": {
            "hashes": [
                "sha256:9ba587db9daee7ec761cfc656272be6aabe2ed300fece21208e4aab2e457bc8f",
                "sha256:a856869c7ff079ad84a3e19cd87a64998350c2b94e9e08e44270faef33400f81"
            ],
            "index": "pypi",
            "version": "==2.6.11"
        },
        "markupsafe": {
            "hashes": [
                "sha256:00bc623926325b26bb9605ae9eae8a215691f33cae5df11ca5424f06f2d1f473",
                "sha256:09027a7803a62ca78792ad89403b1b7a73a01c8cb65909cd876f7fcebd79b161",
                "sha256:09c4b7f37d6c648cb13f9230d847adf22f8171b1ccc4d5682398e77f40309235",
                "sha256:1027c282dad077d0bae18be6794e6b6b8c91d58ed8a8d89a89d59693b9131db5",
                "sha256:24982cc2533820871eba85ba648cd53d8623687ff11cbb805be4ff7b4c971aff",
                "sha256:29872e92839765e546828bb7754a68c418d927cd064fd4708fab9fe9c8bb116b",
                "sha256:43a55c2930bbc139570ac2452adf3d70cdbb3cfe5912c71cdce1c2c6bbd9c5d1",
                "sha256:46c99d2de99945ec5cb54f23c8cd5689f6d7177305ebff350a58ce5f8de1669e",
                "sha256:500d4957e52ddc3351cabf489e79c91c17f6e0899158447047588650b5e69183",
                "sha256:535f6fc4d397c1563d08b88e485c3496cf5784e927af890fb3c3aac7f933ec66",
                "sha256:62fe6c95e3ec8a7fad637b7f3d372c15ec1caa01ab47926cfdf7a75b40e0eac1",
                "sha256:6dd73240d2af64df90aa7c4e7481e23825ea70af4b4922f8ede5b9e35f78a3b1",
                "sha256:717ba8fe3ae9cc0006d7c451f0bb265ee07739daf76355d06366154ee68d221e",
                "sha256:79855e1c5b8da654cf486b830bd42c06e8780cea587384cf6545b7d9ac013a0b",
                "sha256:7c1699dfe0cf8ff607dbdcc1e9b9af1755371f92a68f706051cc8c37d447c905",
                "sha256:88e5fcfb52ee7b911e8bb6d6aa2fd21fbecc674eadd44118a9cc3863f938e735",
                "sha256:8defac2f2ccd6805ebf65f5eeb132adcf2ab57aa11fdf4c0dd5169a004710e7d",
                "sha256:98c7086708b163d425c67c7a91bad6e466bb99d797aa64f965e9d25c12111a5e",
                "sha256:9add70b36c5666a2ed02b43b335fe19002ee5235efd4b8a89bfcf9005bebac0d",
                "sha256:9bf40443012702a1d2070043cb6291650a0841ece432556f784f004937f0f32c",
                "sha256:ade5e387d2ad0d7ebf59146cc00c8044acbd863725f887353a10df825fc8ae21",
                "sha256:b00c1de48212e4cc9603895652c5c410df699856a2853135b3967591e4beebc2",
                "sha256:b1282f8c00509d99fef04d8ba936b156d419be841854fe901d8ae224c59f0be5",
                "sha256:b2051432115498d3562c084a49bba65d97cf251f5a331c64a12ee7e04dacc51b",
                "sha256:ba59edeaa2fc6114428f1637ffff42da1e311e29382d81b339c1817d37ec93c6",
                "sha256:c8716a48d94b06bb3b2524c2b77e055fb313aeb4ea620c8dd03a105574ba704f",
                "sha256:cd5df75523866410809ca100dc9681e301e3c27567cf498077e8551b6d20e42f",
                "sha256:e249096428b3ae81b08327a63a485ad0878de3fb939049038579ac0ef61e17e7"
            ],
            "version": "==1.1.1"
        },
        "mongoengine": {
            "hashes": [
                "sha256:65f6cc48cbaac5ecd518dcec725d9c312286796510a9d93a4388a53811a294b9",
                "sha256:6796df3f7458fb1643812c0b58ccad201da0af935ddd4159604c5ca769b9abb6"
            ],
            "version": "==0.19.1"
        },
        "nltk": {
            "hashes": [
                "sha256:bed45551259aa2101381bbdd5df37d44ca2669c5c3dad72439fa459b29137d94"
            ],
            "index": "pypi",
            "version": "==3.4.5"
        },
        "oauth2client": {
            "hashes": [
                "sha256:b8a81cc5d60e2d364f0b1b98f958dbd472887acaf1a5b05e21c28c31a2d6d3ac",
                "sha256:d486741e451287f69568a4d26d70d9acd73a2bbfa275746c535b4209891cccc6"
            ],
            "index": "pypi",
            "version": "==4.1.3"
        },
        "pillow": {
            "hashes": [
                "sha256:00fdeb23820f30e43bba78eb9abb00b7a937a655de7760b2e09101d63708b64e",
                "sha256:01f948e8220c85eae1aa1a7f8edddcec193918f933fb07aaebe0bfbbcffefbf1",
                "sha256:08abf39948d4b5017a137be58f1a52b7101700431f0777bec3d897c3949f74e6",
                "sha256:099a61618b145ecb50c6f279666bbc398e189b8bc97544ae32b8fcb49ad6b830",
                "sha256:2c1c61546e73de62747e65807d2cc4980c395d4c5600ecb1f47a650c6fa78c79",
                "sha256:2ed9c4f694861642401f27dc3cb99772be67cd190e84845c749dae0a06c3bfae",
                "sha256:338581b30b908e111be578f0297255f6b57a51358cd16fa0e6f664c9a1f88bff",
                "sha256:38c7d48a21cd06fdeee93987147b9b1c55b73b4cfcbf83240568bfbd5adee447",
                "sha256:43fd026f613c8e48a25eba1a92f4d2ad7f3903c95d8c33a11611a7717d2ab654",
                "sha256:4548236844327a718ce3bb182ab32a16fa2050c61e334e959f554cac052fb0df",
                "sha256:5090857876c58885cfa388dc649e5db30aae98a068c26f3fd0ac9d7d9a4d9572",
                "sha256:5bbba34f97a26a93f5e8dec469ca4ddd712451418add43da946dbaed7f7a98d2",
                "sha256:65a28969a025a0eb4594637b6103201dc4ed2a9508bdab56ac33e43e3081c404",
                "sha256:892bb52b70bd5ea9dbbc3ac44f38e84f5a04e9d8b1bff48159d96cb795b81159",
                "sha256:8a9becd5cbd5062f973bcd2e7bc79483af310222de112b6541f8af1f93a3cc42",
                "sha256:972a7aaeb7c4a2795b52eef52ee991ef040b31009f36deca6207a986607b55f3",
                "sha256:97b119c436bfa96a92ac2ca525f7025836d4d4e64b1c9f9eff8dbaf3ff1d86f3",
                "sha256:9ba37698e242223f8053cc158f130aee046a96feacbeab65893dbe94f5530118",
                "sha256:b1b0e1f626a0f079c0d3696db70132fb1f29aa87c66aecb6501a9b8be64ce9f7",
                "sha256:c14c1224fd1a5be2733530d648a316974dbbb3c946913562c6005a76f21ca042",
                "sha256:c79a8546c48ae6465189e54e3245a97ddf21161e33ff7eaa42787353417bb2b6",
                "sha256:ceb76935ac4ebdf6d7bc845482a4450b284c6ccfb281e34da51d510658ab34d8",
                "sha256:e22bffaad04b4d16e1c091baed7f2733fc1ebb91e0c602abf1b6834d17158b1f",
                "sha256:ec883b8e44d877bda6f94a36313a1c6063f8b1997aa091628ae2f34c7f97c8d5",
                "sha256:f1baa54d50ec031d1a9beb89974108f8f2c0706f49798f4777df879df0e1adb6",
                "sha256:f53a5385932cda1e2c862d89460992911a89768c65d176ff8c50cddca4d29bed"
            ],
            "index": "pypi",
            "version": "==6.2.0"
        },
        "ptvsd": {
            "hashes": [
                "sha256:06a7fc56890105329436a679916e7fe7256f0a06d58b7977d1dd4d931645a4ac",
                "sha256:06f83999e8f24824cde55a391fe3a26cf805fd5525b5ba39d2d3b6143b01c90b",
                "sha256:234773ff2edf5727096e1a70f91b100de49530b501cc34938a377619e6c167b4",
                "sha256:269f6fa7ca6e16f90265dee20867e0d95d94bedc85e5cf08ac0e0b580385b571",
                "sha256:273a3ee93eed073319389355034c38798c46c952484f2b1103de10aeb4dbb088",
                "sha256:3873a24a5229a10ffd39236c66f90b5529ee3f67f49de69ad37247744a00a9fb",
                "sha256:3dce0d2cde85f0b62ad2eaecea3bef9b6d68ba580bbdc205a65fe358a8ca85e3",
                "sha256:41e25fdb364b01aa474aa714a64c4280548eb0aa017a18eb70bf4b044e9a73a0",
                "sha256:4b6b59f58c93cf5e7c0b0c1a7612a44a2f8c49b99fd58120c0d7b125359648e8",
                "sha256:576fc4e689ec3f34052034c8c61c19ac0a5f0b5e72702ff328c2d361597590dd",
                "sha256:58b8ff3ecfeee4d807166926824e510c6c68fba0ac1a9b3228a74e344cca65fe",
                "sha256:59e2c12b8dc456fd1a3e5863c1ca21587b29e05989839f6cd7aa30019beaf286",
                "sha256:5c4191882585692b6784f74c2fbdcebe3e7cbf4c6056ff31874c854b4f52d6f8",
                "sha256:612070ba1d631d39794debc50cbd772d4b40f86849a63c8c94741fed2caca640",
                "sha256:6c0bb6719e12c6b63187153631fc1fb786583fa4d69d26ad553b334953424cff",
                "sha256:7a3144dd2afa922ef9c9b534e88249abdaf18de45e0fdb21363a98ad81016ca6",
                "sha256:8c24c64bf7c892629b369b2a87e712700fd162d197d1c2097edbc59d7b30926c",
                "sha256:a0cbe5b5c73608158fb6472e975224b41d166e268937ddd5f7654c9cdc285404",
                "sha256:b4ef153be710d959178e1fc72c296eb2a56282755153b6e77be2ce8a96302252",
                "sha256:c17b4fb510066560e2bc4cdde31dd91d02460f0b7fa2791de5ef7ad0733711f9",
                "sha256:c583f439ec921b66dd2faafcdedf37763bf5c3869bc998688d9b11122b49a0e6",
                "sha256:c7c5a71435eed97fafbaa36a20d1d500a17d65cbb270f0fa89d24a82171e112b",
                "sha256:cb91ad65f04279f84b2705692f91d0711a486d4d103a95b6f32f011517f1dce8",
                "sha256:d71db1d5dd89125e2327fe589a5d8a32d6b634eca01259b4bcffff236263045b",
                "sha256:f7fa86a0be17d8db908095184b279e7631419e5303f5df875bbd6e1961c658bc"
            ],
            "index": "pypi",
            "version": "==4.2.6"
        },
        "pyasn1": {
            "hashes": [
                "sha256:39c7e2ec30515947ff4e87fb6f456dfc6e84857d34be479c9d4a4ba4bf46aa5d",
                "sha256:aef77c9fb94a3ac588e87841208bdec464471d9871bd5050a287cc9a475cd0ba"
            ],
            "version": "==0.4.8"
        },
        "pyasn1-modules": {
            "hashes": [
                "sha256:905f84c712230b2c592c19470d3ca8d552de726050d1d1716282a1f6146be65e",
                "sha256:a50b808ffeb97cb3601dd25981f6b016cbb3d31fbf57a8b8a87428e6158d0c74"
            ],
            "version": "==0.2.8"
        },
        "pymongo": {
            "hashes": [
                "sha256:01b4e10027aef5bb9ecefbc26f5df3368ce34aef81df43850f701e716e3fe16d",
                "sha256:0fc5aa1b1acf7f61af46fe0414e6a4d0c234b339db4c03a63da48599acf1cbfc",
                "sha256:1396eb7151e0558b1f817e4b9d7697d5599e5c40d839a9f7270bd90af994ad82",
                "sha256:18e84a3ec5e73adcb4187b8e5541b2ad61d716026ed9863267e650300d8bea33",
                "sha256:19adf2848b80cb349b9891cc854581bbf24c338be9a3260e73159bdeb2264464",
                "sha256:20ee0475aa2ba437b0a14806f125d696f90a8433d820fb558fdd6f052acde103",
                "sha256:26798795097bdeb571f13942beef7e0b60125397811c75b7aa9214d89880dd1d",
                "sha256:26e707a4eb851ec27bb969b5f1413b9b2eac28fe34271fa72329100317ea7c73",
                "sha256:2a3c7ad01553b27ec553688a1e6445e7f40355fb37d925c11fcb50b504e367f8",
                "sha256:2f07b27dbf303ea53f4147a7922ce91a26b34a0011131471d8aaf73151fdee9a",
                "sha256:316f0cf543013d0c085e15a2c8abe0db70f93c9722c0f99b6f3318ff69477d70",
                "sha256:31d11a600eea0c60de22c8bdcb58cda63c762891facdcb74248c36713240987f",
                "sha256:334ef3ffd0df87ea83a0054454336159f8ad9c1b389e19c0032d9cb8410660e6",
                "sha256:358ba4693c01022d507b96a980ded855a32dbdccc3c9331d0667be5e967f30ed",
                "sha256:3a6568bc53103df260f5c7d2da36dffc5202b9a36c85540bba1836a774943794",
                "sha256:444bf2f44264578c4085bb04493bfed0e5c1b4fe7c2704504d769f955cc78fe4",
                "sha256:47a00b22c52ee59dffc2aad02d0bbfb20c26ec5b8de8900492bf13ad6901cf35",
                "sha256:4c067db43b331fc709080d441cb2e157114fec60749667d12186cc3fc8e7a951",
                "sha256:4c092310f804a5d45a1bcaa4191d6d016c457b6ed3982a622c35f729ff1c7f6b",
                "sha256:53b711b33134e292ef8499835a3df10909c58df53a2a0308f598c432e9a62892",
                "sha256:568d6bee70652d8a5af1cd3eec48b4ca1696fb1773b80719ebbd2925b72cb8f6",
                "sha256:56fa55032782b7f8e0bf6956420d11e2d4e9860598dfe9c504edec53af0fc372",
                "sha256:5a2c492680c61b440272341294172fa3b3751797b1ab983533a770e4fb0a67ac",
                "sha256:61235cc39b5b2f593086d1d38f3fc130b2d125bd8fc8621d35bc5b6bdeb92bd2",
                "sha256:619ac9aaf681434b4d4718d1b31aa2f0fce64f2b3f8435688fcbdc0c818b6c54",
                "sha256:6238ac1f483494011abde5286282afdfacd8926659e222ba9b74c67008d3a58c",
                "sha256:63752a72ca4d4e1386278bd43d14232f51718b409e7ac86bcf8810826b531113",
                "sha256:6fdc5ccb43864065d40dd838437952e9e3da9821b7eac605ba46ada77f846bdf",
                "sha256:7abc3a6825a346fa4621a6f63e3b662bbb9e0f6ffc32d30a459d695f20fb1a8b",
                "sha256:7aef381bb9ae8a3821abd7f9d4d93978dbd99072b48522e181baeffcd95b56ae",
                "sha256:80df3caf251fe61a3f0c9614adc6e2bfcffd1cd3345280896766712fb4b4d6d7",
                "sha256:95f970f34b59987dee6f360d2e7d30e181d58957b85dff929eee4423739bd151",
                "sha256:993257f6ca3cde55332af1f62af3e04ca89ce63c08b56a387cdd46136c72f2fa",
                "sha256:9c0a57390549affc2b5dda24a38de03a5c7cbc58750cd161ff5d106c3c6eec80",
                "sha256:a0794e987d55d2f719cc95fcf980fc62d12b80e287e6a761c4be14c60bd9fecc",
                "sha256:a3b98121e68bf370dd8ea09df67e916f93ea95b52fc010902312168c4d1aff5d",
                "sha256:a60756d55f0887023b3899e6c2923ba5f0042fb11b1d17810b4e07395404f33e",
                "sha256:a676bd2fbc2309092b9bbb0083d35718b5420af3a42135ebb1e4c3633f56604d",
                "sha256:a732838c78554c1257ff2492f5c8c4c7312d0aecd7f732149e255f3749edd5ee",
                "sha256:ae65d65fde4135ef423a2608587c9ef585a3551fc2e4e431e7c7e527047581be",
                "sha256:b070a4f064a9edb70f921bfdc270725cff7a78c22036dd37a767c51393fb956f",
                "sha256:b6da85949aa91e9f8c521681344bd2e163de894a5492337fba8b05c409225a4f",
                "sha256:bbf47110765b2a999803a7de457567389253f8670f7daafb98e059c899ce9764",
                "sha256:c06b3f998d2d7160db58db69adfb807d2ec307e883e2f17f6b87a1ef6c723f11",
                "sha256:c318fb70542be16d3d4063cde6010b1e4d328993a793529c15a619251f517c39",
                "sha256:c4aef42e5fa4c9d5a99f751fb79caa880dac7eaf8a65121549318b984676a1b7",
                "sha256:c9ca545e93a9c2a3bdaa2e6e21f7a43267ff0813e8055adf2b591c13164c0c57",
                "sha256:da2c3220eb55c4239dd8b982e213da0b79023cac59fe54ca09365f2bc7e4ad32",
                "sha256:dd8055da300535eefd446b30995c0813cc4394873c9509323762a93e97c04c03",
                "sha256:e2b46e092ea54b732d98c476720386ff2ccd126de1e52076b470b117bff7e409",
                "sha256:e334c4f39a2863a239d38b5829e442a87f241a92da9941861ee6ec5d6380b7fe",
                "sha256:e5c54f04ca42bbb5153aec5d4f2e3d9f81e316945220ac318abd4083308143f5",
                "sha256:f96333f9d2517c752c20a35ff95de5fc2763ac8cdb1653df0f6f45d281620606"
            ],
            "version": "==3.10.1"
        },
        "pyphen": {
            "hashes": [
                "sha256:3b633a50873156d777e1f1075ba4d8e96a6ad0a3ca42aa3ea9a6259f93f18921",
                "sha256:e172faf10992c8c9d369bdc83e36dbcf1121f4ed0d881f1a0b521935aee583b5"
            ],
            "index": "pypi",
            "version": "==0.9.5"
        },
        "pyqrcode": {
            "hashes": [
                "sha256:1b2812775fa6ff5c527977c4cd2ccb07051ca7d0bc0aecf937a43864abe5eff6",
                "sha256:fdbf7634733e56b72e27f9bce46e4550b75a3a2c420414035cae9d9d26b234d5"
            ],
            "index": "pypi",
            "version": "==1.2.1"
        },
        "python-dateutil": {
            "hashes": [
                "sha256:73ebfe9dbf22e832286dafa60473e4cd239f8592f699aa5adaf10050e6e1823c",
                "sha256:75bb3f31ea686f1197762692a9ee6a7550b59fc6ca3a1f4b5d7e32fb98e2da2a"
            ],
            "index": "pypi",
            "version": "==2.8.1"
        },
        "python-magic": {
            "hashes": [
                "sha256:f2674dcfad52ae6c49d4803fa027809540b130db1dec928cfbb9240316831375",
                "sha256:f3765c0f582d2dfc72c15f3b5a82aecfae9498bd29ca840d72f37d7bd38bfcd5"
            ],
            "index": "pypi",
            "version": "==0.4.15"
        },
        "python-slugify": {
            "hashes": [
                "sha256:a8fc3433821140e8f409a9831d13ae5deccd0b033d4744d94b31fea141bdd84c"
            ],
            "index": "pypi",
            "version": "==4.0.0"
        },
        "pytz": {
            "hashes": [
                "sha256:1c557d7d0e871de1f5ccd5833f60fb2550652da6be2693c1e02300743d21500d",
                "sha256:b02c06db6cf09c12dd25137e563b31700d3b80fcc4ad23abb7a315f2789819be"
            ],
            "version": "==2019.3"
        },
        "requests": {
            "hashes": [
                "sha256:11e007a8a2aa0323f5a921e9e6a2d7e4e67d9877e85773fba9ba6419025cbeb4",
                "sha256:9cf5292fcd0f598c671cfc1e0d7d1a7f13bb8085e9a590f48c010551dc6c4b31"
            ],
            "markers": "python_version >= '3.0'",
            "version": "==2.22.0"
        },
        "rfc6266": {
            "hashes": [
                "sha256:923116bd77cf283b161a813139f5022e894e91d040686208aa33eb43db1b7703"
            ],
            "index": "pypi",
            "version": "==0.0.4"
        },
        "rsa": {
            "hashes": [
                "sha256:14ba45700ff1ec9eeb206a2ce76b32814958a98e372006c8fb76ba820211be66",
                "sha256:1a836406405730121ae9823e19c6e806c62bbad73f890574fff50efa4122c487"
            ],
            "version": "==4.0"
        },
        "sentry-sdk": {
            "extras": [
                "flask"
            ],
            "hashes": [
                "sha256:05285942901d38c7ce2498aba50d8e87b361fc603281a5902dda98f3f8c5e145",
                "sha256:c6b919623e488134a728f16326c6f0bcdab7e3f59e7f4c472a90eea4d6d8fe82"
            ],
            "index": "pypi",
            "version": "==0.13.5"
        },
        "six": {
            "hashes": [
                "sha256:236bdbdce46e6e6a3d61a337c0f8b763ca1e8717c03b369e87a7ec7ce1319c0a",
                "sha256:8f3cd2e254d8f793e7f3d6d9df77b92252b52637291d0f0da013c76ea2724b6c"
            ],
            "version": "==1.14.0"
        },
        "sparkpost": {
            "hashes": [
                "sha256:75d1a408c7a581377ac9cc2cfef1de1249e49cb631921033cc3ff115b08c2c81",
                "sha256:abaf5045d04d821f9c29c965d97173f52f6acc2051debca6f122ea7456cc1733"
            ],
            "index": "pypi",
            "version": "==1.3.6"
        },
        "speaklater": {
            "hashes": [
                "sha256:59fea336d0eed38c1f0bf3181ee1222d0ef45f3a9dd34ebe65e6bfffdd6a65a9"
            ],
            "index": "pypi",
            "version": "==1.3"
        },
        "stripe": {
            "hashes": [
                "sha256:222ddda47a199cf49c942ecd758dc4ce1f2b939539c75ed56af06a9e9e441eaa",
                "sha256:b6f81827bfb16387fd4940725fef8c1676cde9d19663a4f5c23b06e6860f4066"
            ],
            "index": "pypi",
            "version": "==2.17.0"
        },
        "text-unidecode": {
            "hashes": [
                "sha256:1311f10e8b895935241623731c2ba64f4c455287888b18189350b67134a822e8",
                "sha256:bad6603bb14d279193107714b288be206cac565dfa49aa5b105294dd5c4aab93"
            ],
            "version": "==1.3"
        },
        "urllib3": {
            "hashes": [
                "sha256:2f3db8b19923a873b3e5256dc9c2dedfa883e33d87c690d9c7913e1f40673cdc",
                "sha256:87716c2d2a7121198ebcb7ce7cccf6ce5e9ba539041cfbaeecfb641dc0bf6acc"
            ],
            "version": "==1.25.8"
        },
        "werkzeug": {
            "hashes": [
                "sha256:7280924747b5733b246fe23972186c6b348f9ae29724135a6dfc1e53cea433e7",
                "sha256:e5f4a1f98b52b18a93da705a7458e55afb26f32bff83ff5d19189f92462d65c4"
            ],
            "version": "==0.16.0"
        },
        "wtforms": {
            "hashes": [
                "sha256:ffdf10bd1fa565b8233380cb77a304cd36fd55c73023e91d4b803c96bc11d46f"
            ],
            "index": "pypi",
            "version": "==2.1"
        }
    },
    "develop": {
        "astroid": {
            "hashes": [
                "sha256:71ea07f44df9568a75d0f354c49143a4575d90645e9fead6dfb52c26a85ed13a",
                "sha256:840947ebfa8b58f318d42301cf8c0a20fd794a33b61cc4638e28e9e61ba32f42"
            ],
            "version": "==2.3.3"
        },
        "autopep8": {
            "hashes": [
                "sha256:4d8eec30cc81bc5617dbf1218201d770dc35629363547f17577c61683ccfb3ee"
            ],
            "index": "pypi",
            "version": "==1.4.4"
        },
        "isort": {
            "hashes": [
                "sha256:54da7e92468955c4fceacd0c86bd0ec997b0e1ee80d97f67c35a78b719dccab1",
                "sha256:6e811fcb295968434526407adb8796944f1988c5b65e8139058f2014cbe100fd"
            ],
            "version": "==4.3.21"
        },
        "lazy-object-proxy": {
            "hashes": [
                "sha256:0c4b206227a8097f05c4dbdd323c50edf81f15db3b8dc064d08c62d37e1a504d",
                "sha256:194d092e6f246b906e8f70884e620e459fc54db3259e60cf69a4d66c3fda3449",
                "sha256:1be7e4c9f96948003609aa6c974ae59830a6baecc5376c25c92d7d697e684c08",
                "sha256:4677f594e474c91da97f489fea5b7daa17b5517190899cf213697e48d3902f5a",
                "sha256:48dab84ebd4831077b150572aec802f303117c8cc5c871e182447281ebf3ac50",
                "sha256:5541cada25cd173702dbd99f8e22434105456314462326f06dba3e180f203dfd",
                "sha256:59f79fef100b09564bc2df42ea2d8d21a64fdcda64979c0fa3db7bdaabaf6239",
                "sha256:8d859b89baf8ef7f8bc6b00aa20316483d67f0b1cbf422f5b4dc56701c8f2ffb",
                "sha256:9254f4358b9b541e3441b007a0ea0764b9d056afdeafc1a5569eee1cc6c1b9ea",
                "sha256:9651375199045a358eb6741df3e02a651e0330be090b3bc79f6d0de31a80ec3e",
                "sha256:97bb5884f6f1cdce0099f86b907aa41c970c3c672ac8b9c8352789e103cf3156",
                "sha256:9b15f3f4c0f35727d3a0fba4b770b3c4ebbb1fa907dbcc046a1d2799f3edd142",
                "sha256:a2238e9d1bb71a56cd710611a1614d1194dc10a175c1e08d75e1a7bcc250d442",
                "sha256:a6ae12d08c0bf9909ce12385803a543bfe99b95fe01e752536a60af2b7797c62",
                "sha256:ca0a928a3ddbc5725be2dd1cf895ec0a254798915fb3a36af0964a0a4149e3db",
                "sha256:cb2c7c57005a6804ab66f106ceb8482da55f5314b7fcb06551db1edae4ad1531",
                "sha256:d74bb8693bf9cf75ac3b47a54d716bbb1a92648d5f781fc799347cfc95952383",
                "sha256:d945239a5639b3ff35b70a88c5f2f491913eb94871780ebfabb2568bd58afc5a",
                "sha256:eba7011090323c1dadf18b3b689845fd96a61ba0a1dfbd7f24b921398affc357",
                "sha256:efa1909120ce98bbb3777e8b6f92237f5d5c8ea6758efea36a473e1d38f7d3e4",
                "sha256:f3900e8a5de27447acbf900b4750b0ddfd7ec1ea7fbaf11dfa911141bc522af0"
            ],
            "version": "==1.4.3"
        },
        "mccabe": {
            "hashes": [
                "sha256:ab8a6258860da4b6677da4bd2fe5dc2c659cff31b3ee4f7f5d64e79735b80d42",
                "sha256:dd8d182285a0fe56bace7f45b5e7d1a6ebcbf524e8f3bd87eb0f125271b8831f"
            ],
            "version": "==0.6.1"
        },
        "pycodestyle": {
            "hashes": [
                "sha256:95a2219d12372f05704562a14ec30bc76b05a5b297b21a5dfe3f6fac3491ae56",
                "sha256:e40a936c9a450ad81df37f549d676d127b1b66000a6c500caa2b085bc0ca976c"
            ],
            "version": "==2.5.0"
        },
        "pylint": {
            "hashes": [
                "sha256:3db5468ad013380e987410a8d6956226963aed94ecb5f9d3a28acca6d9ac36cd",
                "sha256:886e6afc935ea2590b462664b161ca9a5e40168ea99e5300935f6591ad467df4"
            ],
            "index": "pypi",
            "version": "==2.4.4"
        },
        "pylint-django": {
            "hashes": [
                "sha256:440beb814464928aedd2e21196bb6e47a83b63e2cbe886a701ba0f4a64206bbb",
                "sha256:d5d113605a64cf0e638b707d4cb42106e626f8851bc30a44d5b22bd698ad8483"
            ],
            "index": "pypi",
            "version": "==2.0.13"
        },
        "pylint-mongoengine": {
            "hashes": [
                "sha256:328577c30460ddfe3ef4b95f98f2855b5503063c02b77efcf7f36676f20a1176"
            ],
            "index": "pypi",
            "version": "==0.4.0"
        },
        "pylint-plugin-utils": {
            "hashes": [
                "sha256:2f30510e1c46edf268d3a195b2849bd98a1b9433229bb2ba63b8d776e1fc4d0a",
                "sha256:57625dcca20140f43731311cd8fd879318bf45a8b0fd17020717a8781714a25a"
            ],
            "version": "==0.6"
        },
        "six": {
            "hashes": [
                "sha256:236bdbdce46e6e6a3d61a337c0f8b763ca1e8717c03b369e87a7ec7ce1319c0a",
                "sha256:8f3cd2e254d8f793e7f3d6d9df77b92252b52637291d0f0da013c76ea2724b6c"
            ],
            "version": "==1.14.0"
        },
        "typed-ast": {
            "hashes": [
                "sha256:0666aa36131496aed8f7be0410ff974562ab7eeac11ef351def9ea6fa28f6355",
                "sha256:0c2c07682d61a629b68433afb159376e24e5b2fd4641d35424e462169c0a7919",
                "sha256:249862707802d40f7f29f6e1aad8d84b5aa9e44552d2cc17384b209f091276aa",
                "sha256:24995c843eb0ad11a4527b026b4dde3da70e1f2d8806c99b7b4a7cf491612652",
                "sha256:269151951236b0f9a6f04015a9004084a5ab0d5f19b57de779f908621e7d8b75",
                "sha256:4083861b0aa07990b619bd7ddc365eb7fa4b817e99cf5f8d9cf21a42780f6e01",
                "sha256:498b0f36cc7054c1fead3d7fc59d2150f4d5c6c56ba7fb150c013fbc683a8d2d",
                "sha256:4e3e5da80ccbebfff202a67bf900d081906c358ccc3d5e3c8aea42fdfdfd51c1",
                "sha256:6daac9731f172c2a22ade6ed0c00197ee7cc1221aa84cfdf9c31defeb059a907",
                "sha256:715ff2f2df46121071622063fc7543d9b1fd19ebfc4f5c8895af64a77a8c852c",
                "sha256:73d785a950fc82dd2a25897d525d003f6378d1cb23ab305578394694202a58c3",
                "sha256:8c8aaad94455178e3187ab22c8b01a3837f8ee50e09cf31f1ba129eb293ec30b",
                "sha256:8ce678dbaf790dbdb3eba24056d5364fb45944f33553dd5869b7580cdbb83614",
                "sha256:aaee9905aee35ba5905cfb3c62f3e83b3bec7b39413f0a7f19be4e547ea01ebb",
                "sha256:bcd3b13b56ea479b3650b82cabd6b5343a625b0ced5429e4ccad28a8973f301b",
                "sha256:c9e348e02e4d2b4a8b2eedb48210430658df6951fa484e59de33ff773fbd4b41",
                "sha256:d205b1b46085271b4e15f670058ce182bd1199e56b317bf2ec004b6a44f911f6",
                "sha256:d43943ef777f9a1c42bf4e552ba23ac77a6351de620aa9acf64ad54933ad4d34",
                "sha256:d5d33e9e7af3b34a40dc05f498939f0ebf187f07c385fd58d591c533ad8562fe",
                "sha256:fc0fea399acb12edbf8a628ba8d2312f583bdbdb3335635db062fa98cf71fca4",
                "sha256:fe460b922ec15dd205595c9b5b99e2f056fd98ae8f9f56b888e7a17dc2b757e7"
            ],
            "markers": "implementation_name == 'cpython' and python_version < '3.8'",
            "version": "==1.4.1"
        },
        "wrapt": {
            "hashes": [
                "sha256:565a021fd19419476b9362b05eeaa094178de64f8361e44468f9e9d7843901e1"
            ],
            "version": "==1.11.2"
        }
    }
}
